<?xml version="1.0" encoding="utf-8"?>
<Project ToolsVersion="4.0" xmlns="http://schemas.microsoft.com/developer/msbuild/2003">
  <ItemGroup>
    <ClCompile Include="test.cpp" />
    <ClCompile Include="pch.cpp" />
    <ClCompile Include="arrays\Duplicate.cpp">
      <Filter>arrays</Filter>
    </ClCompile>
    <ClCompile Include="arrays\ArrayProductExceptSelf.cpp">
      <Filter>arrays</Filter>
    </ClCompile>
    <ClCompile Include="arrays\TopKFrequent.cpp">
      <Filter>arrays</Filter>
    </ClCompile>
    <ClCompile Include="arrays\LongestConsecutiveSequence.cpp">
      <Filter>arrays</Filter>
    </ClCompile>
    <ClCompile Include="stack\MinStack.cpp">
      <Filter>stack</Filter>
    </ClCompile>
    <ClCompile Include="stack\ReversePolish.cpp">
      <Filter>stack</Filter>
    </ClCompile>
    <ClCompile Include="stack\GenerateParentheses.cpp">
      <Filter>stack</Filter>
    </ClCompile>
    <ClCompile Include="stack\DailyTemperatures.cpp">
      <Filter>stack</Filter>
    </ClCompile>
    <ClCompile Include="stack\CarFleet.cpp">
      <Filter>stack</Filter>
    </ClCompile>
    <ClCompile Include="two_pointers\palindrome.cpp">
      <Filter>two_pointers</Filter>
    </ClCompile>
    <ClCompile Include="two_pointers\ContainerWithMostWater.cpp">
      <Filter>two_pointers</Filter>
    </ClCompile>
    <ClCompile Include="design\RangeSumQuery.cpp">
      <Filter>design</Filter>
    </ClCompile>
    <ClCompile Include="concurrency\ZeroEvenOddTest.cpp">
      <Filter>concurrency</Filter>
    </ClCompile>
    <ClCompile Include="concurrency\PrintFooBarAlternately.cpp">
      <Filter>concurrency</Filter>
    </ClCompile>
    <ClCompile Include="binary_search\MinimumInRotatedSortedArray.cpp">
      <Filter>BinarySearch</Filter>
    </ClCompile>
    <ClCompile Include="math\RotateImage.cpp">
      <Filter>math</Filter>
    </ClCompile>
    <ClCompile Include="math\SetMatrixZeroes.cpp">
      <Filter>math</Filter>
    </ClCompile>
    <ClCompile Include="linked_lists\MergeTwoSortedLists.cpp">
      <Filter>LinkedLists</Filter>
    </ClCompile>
    <ClCompile Include="design\ParkingSysten.cpp">
      <Filter>design</Filter>
    </ClCompile>
    <ClCompile Include="design\OrderedStream.cpp">
      <Filter>design</Filter>
    </ClCompile>
    <ClCompile Include="design\HashSet.cpp">
      <Filter>design</Filter>
    </ClCompile>
    <ClCompile Include="design\HashMap.cpp">
      <Filter>design</Filter>
    </ClCompile>
    <ClCompile Include="binary_search\KokoEatingBananas.cpp">
      <Filter>BinarySearch</Filter>
    </ClCompile>
    <ClCompile Include="binary_search\SearchInRotatedSortedArray.cpp">
      <Filter>BinarySearch</Filter>
    </ClCompile>
  </ItemGroup>
  <ItemGroup>
    <ClInclude Include="pch.h" />
    <ClInclude Include="arrays\BigCase.h">
      <Filter>arrays</Filter>
    </ClInclude>
    <ClInclude Include="utils\checks.h">
      <Filter>utils</Filter>
    </ClInclude>
  </ItemGroup>
  <ItemGroup>
    <None Include="packages.config" />
  </ItemGroup>
  <ItemGroup>
    <Filter Include="arrays">
      <UniqueIdentifier>{a64cec36-9be1-410c-902d-e115aceac08f}</UniqueIdentifier>
    </Filter>
    <Filter Include="stack">
      <UniqueIdentifier>{b56e2b48-f920-4bb3-bce3-ce160ef6980e}</UniqueIdentifier>
    </Filter>
    <Filter Include="utils">
      <UniqueIdentifier>{74ed5f73-6bb5-432c-a8b8-cc6d2c477da2}</UniqueIdentifier>
    </Filter>
    <Filter Include="two_pointers">
      <UniqueIdentifier>{7ff80b85-c997-4507-ace8-3dda76c0d0c6}</UniqueIdentifier>
    </Filter>
    <Filter Include="design">
      <UniqueIdentifier>{0b030523-84ee-4033-8b16-c3774332463a}</UniqueIdentifier>
    </Filter>
    <Filter Include="concurrency">
      <UniqueIdentifier>{abf37cac-50e8-4595-b1a0-68312bd80149}</UniqueIdentifier>
    </Filter>
    <Filter Include="BinarySearch">
      <UniqueIdentifier>{2df52955-c224-4b8a-ade8-c9c6ccb143aa}</UniqueIdentifier>
    </Filter>
    <Filter Include="math">
      <UniqueIdentifier>{555df052-3a70-49f7-a7b6-c0b96526a5aa}</UniqueIdentifier>
    </Filter>
    <Filter Include="LinkedLists">
      <UniqueIdentifier>{6907d346-e5aa-4319-8f53-a71d6526b488}</UniqueIdentifier>
    </Filter>
  </ItemGroup>
</Project>