<?xml version="1.0" encoding="utf-8"?>
<Project ToolsVersion="4.0" xmlns="http://schemas.microsoft.com/developer/msbuild/2003">
  <ItemGroup>
    <Filter Include="Source Files">
      <UniqueIdentifier>{4FC737F1-C7A5-4376-A066-2A32D752A2FF}</UniqueIdentifier>
      <Extensions>cpp;c;cc;cxx;c++;cppm;ixx;def;odl;idl;hpj;bat;asm;asmx</Extensions>
    </Filter>
    <Filter Include="Header Files">
      <UniqueIdentifier>{93995380-89BD-4b04-88EB-625FBE52EBFB}</UniqueIdentifier>
      <Extensions>h;hh;hpp;hxx;h++;hm;inl;inc;ipp;xsd</Extensions>
    </Filter>
    <Filter Include="Resource Files">
      <UniqueIdentifier>{67DA6AB6-F800-4c08-8B7A-83BB121AAD01}</UniqueIdentifier>
      <Extensions>rc;ico;cur;bmp;dlg;rc2;rct;bin;rgs;gif;jpg;jpeg;jpe;resx;tiff;tif;png;wav;mfcribbon-ms</Extensions>
    </Filter>
    <Filter Include="Source Files\BinarySearch">
      <UniqueIdentifier>{22c0b1a9-a907-4010-ae53-e2d3890db55e}</UniqueIdentifier>
    </Filter>
    <Filter Include="Source Files\Arrays">
      <UniqueIdentifier>{4c473a2d-7389-4579-bd73-582fce8d2bcc}</UniqueIdentifier>
    </Filter>
    <Filter Include="Source Files\HashTables">
      <UniqueIdentifier>{f3e85248-cb24-443a-912e-9a05d55ef1f6}</UniqueIdentifier>
    </Filter>
    <Filter Include="Source Files\Greedy">
      <UniqueIdentifier>{609ed548-7d65-41b4-b45b-94e1dc8a3571}</UniqueIdentifier>
    </Filter>
    <Filter Include="Source Files\Stacks">
      <UniqueIdentifier>{32565a3b-1608-48a6-9696-f4d2637cfdb3}</UniqueIdentifier>
    </Filter>
    <Filter Include="Source Files\Concurrency">
      <UniqueIdentifier>{b1b4a5f4-698e-4709-b0d1-ee01cf732e35}</UniqueIdentifier>
    </Filter>
  </ItemGroup>
  <ItemGroup>
    <ClCompile Include="LeetCode.cpp">
      <Filter>Source Files</Filter>
    </ClCompile>
    <ClCompile Include="BinarySearch.ixx">
      <Filter>Source Files\BinarySearch</Filter>
    </ClCompile>
    <ClCompile Include="FirstBadVersion.ixx">
      <Filter>Source Files\BinarySearch</Filter>
    </ClCompile>
    <ClCompile Include="SearchInsertPosition.ixx">
      <Filter>Source Files\BinarySearch</Filter>
    </ClCompile>
    <ClCompile Include="Anagram.ixx">
      <Filter>Source Files\Arrays</Filter>
    </ClCompile>
    <ClCompile Include="TwoSum.ixx">
      <Filter>Source Files\Arrays</Filter>
    </ClCompile>
    <ClCompile Include="OneDArraySum.ixx">
      <Filter>Source Files</Filter>
    </ClCompile>
    <ClCompile Include="PivotIndex.ixx">
      <Filter>Source Files</Filter>
    </ClCompile>
    <ClCompile Include="utils.ixx">
      <Filter>Source Files</Filter>
    </ClCompile>
    <ClCompile Include="GuessNumberHigherOrLower.ixx">
      <Filter>Source Files\BinarySearch</Filter>
    </ClCompile>
    <ClCompile Include="Search2DMatrix.ixx">
      <Filter>Source Files\BinarySearch</Filter>
    </ClCompile>
    <ClCompile Include="SingleNumber.ixx">
      <Filter>Source Files\HashTables</Filter>
    </ClCompile>
    <ClCompile Include="BestTimeToBuyAndSell.ixx">
      <Filter>Source Files\Greedy</Filter>
    </ClCompile>
    <ClCompile Include="FourSum.ixx">
      <Filter>Source Files\HashTables</Filter>
    </ClCompile>
    <ClCompile Include="concurrency\PrintInOrder.ixx">
      <Filter>Source Files\Concurrency</Filter>
    </ClCompile>
    <ClCompile Include="arrays\Duplicate.h">
      <Filter>Source Files\Arrays</Filter>
    </ClCompile>
    <ClCompile Include="stack\ValidParentheses.ixx">
      <Filter>Source Files\Stacks</Filter>
    </ClCompile>
  </ItemGroup>
  <ItemGroup>
    <ClInclude Include="concurrency\ZeroEvenOdd.h">
      <Filter>Source Files\Concurrency</Filter>
    </ClInclude>
    <ClInclude Include="arrays\ArrayProductExceptSelf.h">
      <Filter>Source Files\Arrays</Filter>
    </ClInclude>
    <ClInclude Include="arrays\TopKFrequent.h">
      <Filter>Source Files\Arrays</Filter>
    </ClInclude>
    <ClInclude Include="arrays\LongestConsecutiveSequence.h">
      <Filter>Source Files\Arrays</Filter>
    </ClInclude>
    <ClInclude Include="stack\MinStack.h">
      <Filter>Source Files\Stacks</Filter>
    </ClInclude>
    <ClInclude Include="stack\ReversePolish.h">
      <Filter>Source Files\Stacks</Filter>
    </ClInclude>
    <ClInclude Include="stack\GenerateParentheses.h">
      <Filter>Source Files\Stacks</Filter>
    </ClInclude>
  </ItemGroup>
</Project>